
Microsoft Visual Studio Solution File, Format Version 12.00
# Visual Studio 15
VisualStudioVersion = 15.0.27130.2010
MinimumVisualStudioVersion = 10.0.40219.1
Project("{9A19103F-16F7-4668-BE54-9A1E7A4F7556}") = "Altairis.ConventionalMetadataProviders", "Altairis.ConventionalMetadataProviders\Altairis.ConventionalMetadataProviders.csproj", "{840C3E87-95D8-4802-BA44-4CFA9046032F}"
EndProject
Project("{2150E333-8FDC-42A3-9474-1A3956D46DE8}") = "Solution Items", "Solution Items", "{16B9A0B3-E53D-4E7D-B298-9A69CCCD2AA5}"
	ProjectSection(SolutionItems) = preProject
		.gitignore = .gitignore
		CODE_OF_CONDUCT.md = CODE_OF_CONDUCT.md
		LICENSE = LICENSE
		README.md = README.md
	EndProjectSection
EndProject
Project("{9A19103F-16F7-4668-BE54-9A1E7A4F7556}") = "Altairis.ConventionalMetadataProviders.DemoApp", "Altairis.ConventionalMetadataProviders.DemoApp\Altairis.ConventionalMetadataProviders.DemoApp.csproj", "{B47FB2ED-A0DC-418D-9FD7-1F3D57C0D305}"
EndProject
Global
	GlobalSection(SolutionConfigurationPlatforms) = preSolution
		Debug|Any CPU = Debug|Any CPU
		Release|Any CPU = Release|Any CPU
	EndGlobalSection
	GlobalSection(ProjectConfigurationPlatforms) = postSolution
		{840C3E87-95D8-4802-BA44-4CFA9046032F}.Debug|Any CPU.ActiveCfg = Debug|Any CPU
		{840C3E87-95D8-4802-BA44-4CFA9046032F}.Debug|Any CPU.Build.0 = Debug|Any CPU
		{840C3E87-95D8-4802-BA44-4CFA9046032F}.Release|Any CPU.ActiveCfg = Release|Any CPU
		{840C3E87-95D8-4802-BA44-4CFA9046032F}.Release|Any CPU.Build.0 = Release|Any CPU
		{B47FB2ED-A0DC-418D-9FD7-1F3D57C0D305}.Debug|Any CPU.ActiveCfg = Debug|Any CPU
		{B47FB2ED-A0DC-418D-9FD7-1F3D57C0D305}.Debug|Any CPU.Build.0 = Debug|Any CPU
		{B47FB2ED-A0DC-418D-9FD7-1F3D57C0D305}.Release|Any CPU.ActiveCfg = Release|Any CPU
		{B47FB2ED-A0DC-418D-9FD7-1F3D57C0D305}.Release|Any CPU.Build.0 = Release|Any CPU
	EndGlobalSection
	GlobalSection(SolutionProperties) = preSolution
		HideSolutionNode = FALSE
	EndGlobalSection
	GlobalSection(ExtensibilityGlobals) = postSolution
		SolutionGuid = {29D08420-1AAB-4D85-A0C9-F7CF6BFEF6B0}
	EndGlobalSection
EndGlobal
